// !$*UTF8*$!
{
	archiveVersion = 1;
	classes = {
	};
	objectVersion = 46;
	objects = {

/* Begin PBXBuildFile section */
		502612541F16877A00E62E3C /* ViewController2.swift in Sources */ = {isa = PBXBuildFile; fileRef = 502612531F16877A00E62E3C /* ViewController2.swift */; };
		502612581F16D78000E62E3C /* Tabela.swift in Sources */ = {isa = PBXBuildFile; fileRef = 502612571F16D78000E62E3C /* Tabela.swift */; };
		5026125A1F16DA9A00E62E3C /* LinhaDaTabela.swift in Sources */ = {isa = PBXBuildFile; fileRef = 502612591F16DA9A00E62E3C /* LinhaDaTabela.swift */; };
		5026125C1F17DFC800E62E3C /* Colecao.swift in Sources */ = {isa = PBXBuildFile; fileRef = 5026125B1F17DFC800E62E3C /* Colecao.swift */; };
		5026125E1F17E19700E62E3C /* ItensColecao.swift in Sources */ = {isa = PBXBuildFile; fileRef = 5026125D1F17E19700E62E3C /* ItensColecao.swift */; };
		5098C4061F15780800D088D9 /* AppDelegate.swift in Sources */ = {isa = PBXBuildFile; fileRef = 5098C4051F15780800D088D9 /* AppDelegate.swift */; };
		5098C4081F15780800D088D9 /* ViewController.swift in Sources */ = {isa = PBXBuildFile; fileRef = 5098C4071F15780800D088D9 /* ViewController.swift */; };
		5098C40B1F15780900D088D9 /* Main.storyboard in Resources */ = {isa = PBXBuildFile; fileRef = 5098C4091F15780800D088D9 /* Main.storyboard */; };
		5098C40D1F15780900D088D9 /* Assets.xcassets in Resources */ = {isa = PBXBuildFile; fileRef = 5098C40C1F15780900D088D9 /* Assets.xcassets */; };
		5098C4101F15780900D088D9 /* LaunchScreen.storyboard in Resources */ = {isa = PBXBuildFile; fileRef = 5098C40E1F15780900D088D9 /* LaunchScreen.storyboard */; };
/* End PBXBuildFile section */

/* Begin PBXFileReference section */
		502612531F16877A00E62E3C /* ViewController2.swift */ = {isa = PBXFileReference; fileEncoding = 4; lastKnownFileType = sourcecode.swift; path = ViewController2.swift; sourceTree = "<group>"; };
		502612571F16D78000E62E3C /* Tabela.swift */ = {isa = PBXFileReference; fileEncoding = 4; lastKnownFileType = sourcecode.swift; path = Tabela.swift; sourceTree = "<group>"; };
		502612591F16DA9A00E62E3C /* LinhaDaTabela.swift */ = {isa = PBXFileReference; fileEncoding = 4; lastKnownFileType = sourcecode.swift; path = LinhaDaTabela.swift; sourceTree = "<group>"; };
		5026125B1F17DFC800E62E3C /* Colecao.swift */ = {isa = PBXFileReference; fileEncoding = 4; lastKnownFileType = sourcecode.swift; path = Colecao.swift; sourceTree = "<group>"; };
		5026125D1F17E19700E62E3C /* ItensColecao.swift */ = {isa = PBXFileReference; fileEncoding = 4; lastKnownFileType = sourcecode.swift; path = ItensColecao.swift; sourceTree = "<group>"; };
		5098C4021F15780800D088D9 /* TreinamentoIOS.app */ = {isa = PBXFileReference; explicitFileType = wrapper.application; includeInIndex = 0; path = TreinamentoIOS.app; sourceTree = BUILT_PRODUCTS_DIR; };
		5098C4051F15780800D088D9 /* AppDelegate.swift */ = {isa = PBXFileReference; lastKnownFileType = sourcecode.swift; path = AppDelegate.swift; sourceTree = "<group>"; };
		5098C4071F15780800D088D9 /* ViewController.swift */ = {isa = PBXFileReference; lastKnownFileType = sourcecode.swift; path = ViewController.swift; sourceTree = "<group>"; };
		5098C40A1F15780800D088D9 /* Base */ = {isa = PBXFileReference; lastKnownFileType = file.storyboard; name = Base; path = Base.lproj/Main.storyboard; sourceTree = "<group>"; };
		5098C40C1F15780900D088D9 /* Assets.xcassets */ = {isa = PBXFileReference; lastKnownFileType = folder.assetcatalog; path = Assets.xcassets; sourceTree = "<group>"; };
		5098C40F1F15780900D088D9 /* Base */ = {isa = PBXFileReference; lastKnownFileType = file.storyboard; name = Base; path = Base.lproj/LaunchScreen.storyboard; sourceTree = "<group>"; };
		5098C4111F15780900D088D9 /* Info.plist */ = {isa = PBXFileReference; lastKnownFileType = text.plist.xml; path = Info.plist; sourceTree = "<group>"; };
/* End PBXFileReference section */

/* Begin PBXFrameworksBuildPhase section */
		5098C3FF1F15780800D088D9 /* Frameworks */ = {
			isa = PBXFrameworksBuildPhase;
			buildActionMask = 2147483647;
			files = (
			);
			runOnlyForDeploymentPostprocessing = 0;
		};
/* End PBXFrameworksBuildPhase section */

/* Begin PBXGroup section */
		5098C3F91F15780800D088D9 = {
			isa = PBXGroup;
			children = (
				5098C4041F15780800D088D9 /* TreinamentoIOS */,
				5098C4031F15780800D088D9 /* Products */,
			);
			sourceTree = "<group>";
		};
		5098C4031F15780800D088D9 /* Products */ = {
			isa = PBXGroup;
			children = (
				5098C4021F15780800D088D9 /* TreinamentoIOS.app */,
			);
			name = Products;
			sourceTree = "<group>";
		};
		5098C4041F15780800D088D9 /* TreinamentoIOS */ = {
			isa = PBXGroup;
			children = (
				5098C4051F15780800D088D9 /* AppDelegate.swift */,
				5098C4071F15780800D088D9 /* ViewController.swift */,
				5098C4091F15780800D088D9 /* Main.storyboard */,
				5098C40C1F15780900D088D9 /* Assets.xcassets */,
				5098C40E1F15780900D088D9 /* LaunchScreen.storyboard */,
				5098C4111F15780900D088D9 /* Info.plist */,
				502612531F16877A00E62E3C /* ViewController2.swift */,
				502612571F16D78000E62E3C /* Tabela.swift */,
				502612591F16DA9A00E62E3C /* LinhaDaTabela.swift */,
				5026125B1F17DFC800E62E3C /* Colecao.swift */,
				5026125D1F17E19700E62E3C /* ItensColecao.swift */,
			);
			path = TreinamentoIOS;
			sourceTree = "<group>";
		};
/* End PBXGroup section */

/* Begin PBXNativeTarget section */
		5098C4011F15780800D088D9 /* TreinamentoIOS */ = {
			isa = PBXNativeTarget;
			buildConfigurationList = 5098C4141F15780900D088D9 /* Build configuration list for PBXNativeTarget "TreinamentoIOS" */;
			buildPhases = (
				5098C3FE1F15780800D088D9 /* Sources */,
				5098C3FF1F15780800D088D9 /* Frameworks */,
				5098C4001F15780800D088D9 /* Resources */,
			);
			buildRules = (
			);
			dependencies = (
			);
			name = TreinamentoIOS;
			productName = TreinamentoIOS;
			productReference = 5098C4021F15780800D088D9 /* TreinamentoIOS.app */;
			productType = "com.apple.product-type.application";
		};
/* End PBXNativeTarget section */

/* Begin PBXProject section */
		5098C3FA1F15780800D088D9 /* Project object */ = {
			isa = PBXProject;
			attributes = {
				LastSwiftUpdateCheck = 0830;
				LastUpgradeCheck = 0830;
				ORGANIZATIONNAME = Solutis;
				TargetAttributes = {
					5098C4011F15780800D088D9 = {
						CreatedOnToolsVersion = 8.3.3;
						DevelopmentTeam = CQA32AEKSS;
						ProvisioningStyle = Automatic;
					};
				};
			};
			buildConfigurationList = 5098C3FD1F15780800D088D9 /* Build configuration list for PBXProject "TreinamentoIOS" */;
			compatibilityVersion = "Xcode 3.2";
			developmentRegion = English;
			hasScannedForEncodings = 0;
			knownRegions = (
				en,
				Base,
			);
			mainGroup = 5098C3F91F15780800D088D9;
			productRefGroup = 5098C4031F15780800D088D9 /* Products */;
			projectDirPath = "";
			projectRoot = "";
			targets = (
				5098C4011F15780800D088D9 /* TreinamentoIOS */,
			);
		};
/* End PBXProject section */

/* Begin PBXResourcesBuildPhase section */
		5098C4001F15780800D088D9 /* Resources */ = {
			isa = PBXResourcesBuildPhase;
			buildActionMask = 2147483647;
			files = (
				5098C4101F15780900D088D9 /* LaunchScreen.storyboard in Resources */,
				5098C40D1F15780900D088D9 /* Assets.xcassets in Resources */,
				5098C40B1F15780900D088D9 /* Main.storyboard in Resources */,
			);
			runOnlyForDeploymentPostprocessing = 0;
		};
/* End PBXResourcesBuildPhase section */

/* Begin PBXSourcesBuildPhase section */
		5098C3FE1F15780800D088D9 /* Sources */ = {
			isa = PBXSourcesBuildPhase;
			buildActionMask = 2147483647;
			files = (
				502612581F16D78000E62E3C /* Tabela.swift in Sources */,
				5098C4081F15780800D088D9 /* ViewController.swift in Sources */,
				5026125C1F17DFC800E62E3C /* Colecao.swift in Sources */,
				5026125E1F17E19700E62E3C /* ItensColecao.swift in Sources */,
				5098C4061F15780800D088D9 /* AppDelegate.swift in Sources */,
				5026125A1F16DA9A00E62E3C /* LinhaDaTabela.swift in Sources */,
				502612541F16877A00E62E3C /* ViewController2.swift in Sources */,
			);
			runOnlyForDeploymentPostprocessing = 0;
		};
/* End PBXSourcesBuildPhase section */

/* Begin PBXVariantGroup section */
		5098C4091F15780800D088D9 /* Main.storyboard */ = {
			isa = PBXVariantGroup;
			children = (
				5098C40A1F15780800D088D9 /* Base */,
			);
			name = Main.storyboard;
			sourceTree = "<group>";
		};
		5098C40E1F15780900D088D9 /* LaunchScreen.storyboard */ = {
			isa = PBXVariantGroup;
			children = (
				5098C40F1F15780900D088D9 /* Base */,
			);
			name = LaunchScreen.storyboard;
			sourceTree = "<group>";
		};
/* End PBXVariantGroup section */

/* Begin XCBuildConfiguration section */
		5098C4121F15780900D088D9 /* Debug */ = {
			isa = XCBuildConfiguration;
			buildSettings = {
				ALWAYS_SEARCH_USER_PATHS = NO;
				CLANG_ANALYZER_NONNULL = YES;
				CLANG_ANALYZER_NUMBER_OBJECT_CONVERSION = YES_AGGRESSIVE;
				CLANG_CXX_LANGUAGE_STANDARD = "gnu++0x";
				CLANG_CXX_LIBRARY = "libc++";
				CLANG_ENABLE_MODULES = YES;
				CLANG_ENABLE_OBJC_ARC = YES;
				CLANG_WARN_BOOL_CONVERSION = YES;
				CLANG_WARN_CONSTANT_CONVERSION = YES;
				CLANG_WARN_DIRECT_OBJC_ISA_USAGE = YES_ERROR;
				CLANG_WARN_DOCUMENTATION_COMMENTS = YES;
				CLANG_WARN_EMPTY_BODY = YES;
				CLANG_WARN_ENUM_CONVERSION = YES;
				CLANG_WARN_INFINITE_RECURSION = YES;
				CLANG_WARN_INT_CONVERSION = YES;
				CLANG_WARN_OBJC_ROOT_CLASS = YES_ERROR;
				CLANG_WARN_SUSPICIOUS_MOVE = YES;
				CLANG_WARN_UNREACHABLE_CODE = YES;
				CLANG_WARN__DUPLICATE_METHOD_MATCH = YES;
				"CODE_SIGN_IDENTITY[sdk=iphoneos*]" = "iPhone Developer";
				COPY_PHASE_STRIP = NO;
				DEBUG_INFORMATION_FORMAT = dwarf;
				ENABLE_STRICT_OBJC_MSGSEND = YES;
				ENABLE_TESTABILITY = YES;
				GCC_C_LANGUAGE_STANDARD = gnu99;
				GCC_DYNAMIC_NO_PIC = NO;
				GCC_NO_COMMON_BLOCKS = YES;
				GCC_OPTIMIZATION_LEVEL = 0;
				GCC_PREPROCESSOR_DEFINITIONS = (
					"DEBUG=1",
					"$(inherited)",
				);
				GCC_WARN_64_TO_32_BIT_CONVERSION = YES;
				GCC_WARN_ABOUT_RETURN_TYPE = YES_ERROR;
				GCC_WARN_UNDECLARED_SELECTOR = YES;
				GCC_WARN_UNINITIALIZED_AUTOS = YES_AGGRESSIVE;
				GCC_WARN_UNUSED_FUNCTION = YES;
				GCC_WARN_UNUSED_VARIABLE = YES;
				IPHONEOS_DEPLOYMENT_TARGET = 10.3;
				MTL_ENABLE_DEBUG_INFO = YES;
				ONLY_ACTIVE_ARCH = YES;
				SDKROOT = iphoneos;
				SWIFT_ACTIVE_COMPILATION_CONDITIONS = DEBUG;
				SWIFT_OPTIMIZATION_LEVEL = "-Onone";
			};
			name = Debug;
		};
		5098C4131F15780900D088D9 /* Release */ = {
			isa = XCBuildConfiguration;
			buildSettings = {
				ALWAYS_SEARCH_USER_PATHS = NO;
				CLANG_ANALYZER_NONNULL = YES;
				CLANG_ANALYZER_NUMBER_OBJECT_CONVERSION = YES_AGGRESSIVE;
				CLANG_CXX_LANGUAGE_STANDARD = "gnu++0x";
				CLANG_CXX_LIBRARY = "libc++";
				CLANG_ENABLE_MODULES = YES;
				CLANG_ENABLE_OBJC_ARC = YES;
				CLANG_WARN_BOOL_CONVERSION = YES;
				CLANG_WARN_CONSTANT_CONVERSION = YES;
				CLANG_WARN_DIRECT_OBJC_ISA_USAGE = YES_ERROR;
				CLANG_WARN_DOCUMENTATION_COMMENTS = YES;
				CLANG_WARN_EMPTY_BODY = YES;
				CLANG_WARN_ENUM_CONVERSION = YES;
				CLANG_WARN_INFINITE_RECURSION = YES;
				CLANG_WARN_INT_CONVERSION = YES;
				CLANG_WARN_OBJC_ROOT_CLASS = YES_ERROR;
				CLANG_WARN_SUSPICIOUS_MOVE = YES;
				CLANG_WARN_UNREACHABLE_CODE = YES;
				CLANG_WARN__DUPLICATE_METHOD_MATCH = YES;
				"CODE_SIGN_IDENTITY[sdk=iphoneos*]" = "iPhone Developer";
				COPY_PHASE_STRIP = NO;
				DEBUG_INFORMATION_FORMAT = "dwarf-with-dsym";
				ENABLE_NS_ASSERTIONS = NO;
				ENABLE_STRICT_OBJC_MSGSEND = YES;
				GCC_C_LANGUAGE_STANDARD = gnu99;
				GCC_NO_COMMON_BLOCKS = YES;
				GCC_WARN_64_TO_32_BIT_CONVERSION = YES;
				GCC_WARN_ABOUT_RETURN_TYPE = YES_ERROR;
				GCC_WARN_UNDECLARED_SELECTOR = YES;
				GCC_WARN_UNINITIALIZED_AUTOS = YES_AGGRESSIVE;
				GCC_WARN_UNUSED_FUNCTION = YES;
				GCC_WARN_UNUSED_VARIABLE = YES;
				IPHONEOS_DEPLOYMENT_TARGET = 10.3;
				MTL_ENABLE_DEBUG_INFO = NO;
				SDKROOT = iphoneos;
				SWIFT_OPTIMIZATION_LEVEL = "-Owholemodule";
				VALIDATE_PRODUCT = YES;
			};
			name = Release;
		};
		5098C4151F15780900D088D9 /* Debug */ = {
			isa = XCBuildConfiguration;
			buildSettings = {
				ASSETCATALOG_COMPILER_APPICON_NAME = AppIcon;
				DEVELOPMENT_TEAM = CQA32AEKSS;
				INFOPLIST_FILE = TreinamentoIOS/Info.plist;
				LD_RUNPATH_SEARCH_PATHS = "$(inherited) @executable_path/Frameworks";
				PRODUCT_BUNDLE_IDENTIFIER = br.com.solutis.TreinamentoIOS;
				PRODUCT_NAME = "$(TARGET_NAME)";
				SWIFT_VERSION = 3.0;
			};
			name = Debug;
		};
		5098C4161F15780900D088D9 /* Release */ = {
			isa = XCBuildConfiguration;
			buildSettings = {
				ASSETCATALOG_COMPILER_APPICON_NAME = AppIcon;
				DEVELOPMENT_TEAM = CQA32AEKSS;
				INFOPLIST_FILE = TreinamentoIOS/Info.plist;
				LD_RUNPATH_SEARCH_PATHS = "$(inherited) @executable_path/Frameworks";
				PRODUCT_BUNDLE_IDENTIFIER = br.com.solutis.TreinamentoIOS;
				PRODUCT_NAME = "$(TARGET_NAME)";
				SWIFT_VERSION = 3.0;
			};
			name = Release;
		};
/* End XCBuildConfiguration section */

/* Begin XCConfigurationList section */
		5098C3FD1F15780800D088D9 /* Build configuration list for PBXProject "TreinamentoIOS" */ = {
			isa = XCConfigurationList;
			buildConfigurations = (
				5098C4121F15780900D088D9 /* Debug */,
				5098C4131F15780900D088D9 /* Release */,
			);
			defaultConfigurationIsVisible = 0;
			defaultConfigurationName = Release;
		};
		5098C4141F15780900D088D9 /* Build configuration list for PBXNativeTarget "TreinamentoIOS" */ = {
			isa = XCConfigurationList;
			buildConfigurations = (
				5098C4151F15780900D088D9 /* Debug */,
				5098C4161F15780900D088D9 /* Release */,
			);
			defaultConfigurationIsVisible = 0;
			defaultConfigurationName = Release;
		};
/* End XCConfigurationList section */
	};
	rootObject = 5098C3FA1F15780800D088D9 /* Project object */;
}
